
Microsoft Visual Studio Solution File, Format Version 12.00
# Visual Studio Version 17
VisualStudioVersion = 17.14.36811.4
MinimumVisualStudioVersion = 10.0.40219.1
Project("{2150E333-8FDC-42A3-9474-1A3956D46DE8}") = "Services", "Services", "{5854FF58-B8C5-05C6-5BF2-ACE42193F22B}"
EndProject
Project("{2150E333-8FDC-42A3-9474-1A3956D46DE8}") = "Catalog", "Catalog", "{944ACC7E-4FFC-A2A2-09E1-98A62C66F8DB}"
EndProject
Project("{FAE04EC0-301F-11D3-BF4B-00C04F79EFBC}") = "Catalog.Core", "Services\Catalog\Catalog.Core\Catalog.Core.csproj", "{60FB51EA-5DD3-47B4-9698-308F8038DB38}"
EndProject
Project("{FAE04EC0-301F-11D3-BF4B-00C04F79EFBC}") = "Catalog.Api", "Services\Catalog\Catalog.Api\Catalog.Api.csproj", "{8AFEAAFF-F78A-4A91-B632-9EB7589314D8}"
EndProject
Project("{FAE04EC0-301F-11D3-BF4B-00C04F79EFBC}") = "Catalog.Application", "Services\Catalog\Catalog.Application\Catalog.Application.csproj", "{DDC1F5B3-19DE-4D17-9702-AB336AC0035C}"
EndProject
Project("{FAE04EC0-301F-11D3-BF4B-00C04F79EFBC}") = "Catalog.Infrastructure", "Services\Catalog\Catalog.Infrastructure\Catalog.Infrastructure.csproj", "{A04EBBAF-EB97-49D8-AFD3-E9F3A019E122}"
EndProject
Project("{2150E333-8FDC-42A3-9474-1A3956D46DE8}") = "Users", "Users", "{6C83A596-D32D-B35F-00DD-F0C99B673980}"
EndProject
Project("{FAE04EC0-301F-11D3-BF4B-00C04F79EFBC}") = "Users.Core", "Services\Users\Users.Core\Users.Core.csproj", "{A161D469-6A99-471D-BF83-CB76B647A116}"
EndProject
Project("{FAE04EC0-301F-11D3-BF4B-00C04F79EFBC}") = "Users.Application", "Services\Users\Users.Application\Users.Application.csproj", "{DF588001-24DE-4CE8-B099-E27FE7747F3B}"
EndProject
Project("{FAE04EC0-301F-11D3-BF4B-00C04F79EFBC}") = "Users.Infrastructure", "Services\Users\Users.Infrastructure\Users.Infrastructure.csproj", "{CD4DF77E-D76A-4B21-82B2-1E59791C3E96}"
EndProject
Project("{FAE04EC0-301F-11D3-BF4B-00C04F79EFBC}") = "Users.Api", "Services\Users\Users.Api\Users.Api.csproj", "{7CEC5133-D914-4B24-8D1F-67CE57AD6177}"
EndProject
Global
	GlobalSection(SolutionConfigurationPlatforms) = preSolution
		Debug|Any CPU = Debug|Any CPU
		Debug|x64 = Debug|x64
		Debug|x86 = Debug|x86
		Release|Any CPU = Release|Any CPU
		Release|x64 = Release|x64
		Release|x86 = Release|x86
	EndGlobalSection
	GlobalSection(ProjectConfigurationPlatforms) = postSolution
		{60FB51EA-5DD3-47B4-9698-308F8038DB38}.Debug|Any CPU.ActiveCfg = Debug|Any CPU
		{60FB51EA-5DD3-47B4-9698-308F8038DB38}.Debug|Any CPU.Build.0 = Debug|Any CPU
		{60FB51EA-5DD3-47B4-9698-308F8038DB38}.Debug|x64.ActiveCfg = Debug|Any CPU
		{60FB51EA-5DD3-47B4-9698-308F8038DB38}.Debug|x64.Build.0 = Debug|Any CPU
		{60FB51EA-5DD3-47B4-9698-308F8038DB38}.Debug|x86.ActiveCfg = Debug|Any CPU
		{60FB51EA-5DD3-47B4-9698-308F8038DB38}.Debug|x86.Build.0 = Debug|Any CPU
		{60FB51EA-5DD3-47B4-9698-308F8038DB38}.Release|Any CPU.ActiveCfg = Release|Any CPU
		{60FB51EA-5DD3-47B4-9698-308F8038DB38}.Release|Any CPU.Build.0 = Release|Any CPU
		{60FB51EA-5DD3-47B4-9698-308F8038DB38}.Release|x64.ActiveCfg = Release|Any CPU
		{60FB51EA-5DD3-47B4-9698-308F8038DB38}.Release|x64.Build.0 = Release|Any CPU
		{60FB51EA-5DD3-47B4-9698-308F8038DB38}.Release|x86.ActiveCfg = Release|Any CPU
		{60FB51EA-5DD3-47B4-9698-308F8038DB38}.Release|x86.Build.0 = Release|Any CPU
		{8AFEAAFF-F78A-4A91-B632-9EB7589314D8}.Debug|Any CPU.ActiveCfg = Debug|Any CPU
		{8AFEAAFF-F78A-4A91-B632-9EB7589314D8}.Debug|Any CPU.Build.0 = Debug|Any CPU
		{8AFEAAFF-F78A-4A91-B632-9EB7589314D8}.Debug|x64.ActiveCfg = Debug|Any CPU
		{8AFEAAFF-F78A-4A91-B632-9EB7589314D8}.Debug|x64.Build.0 = Debug|Any CPU
		{8AFEAAFF-F78A-4A91-B632-9EB7589314D8}.Debug|x86.ActiveCfg = Debug|Any CPU
		{8AFEAAFF-F78A-4A91-B632-9EB7589314D8}.Debug|x86.Build.0 = Debug|Any CPU
		{8AFEAAFF-F78A-4A91-B632-9EB7589314D8}.Release|Any CPU.ActiveCfg = Release|Any CPU
		{8AFEAAFF-F78A-4A91-B632-9EB7589314D8}.Release|Any CPU.Build.0 = Release|Any CPU
		{8AFEAAFF-F78A-4A91-B632-9EB7589314D8}.Release|x64.ActiveCfg = Release|Any CPU
		{8AFEAAFF-F78A-4A91-B632-9EB7589314D8}.Release|x64.Build.0 = Release|Any CPU
		{8AFEAAFF-F78A-4A91-B632-9EB7589314D8}.Release|x86.ActiveCfg = Release|Any CPU
		{8AFEAAFF-F78A-4A91-B632-9EB7589314D8}.Release|x86.Build.0 = Release|Any CPU
		{DDC1F5B3-19DE-4D17-9702-AB336AC0035C}.Debug|Any CPU.ActiveCfg = Debug|Any CPU
		{DDC1F5B3-19DE-4D17-9702-AB336AC0035C}.Debug|Any CPU.Build.0 = Debug|Any CPU
		{DDC1F5B3-19DE-4D17-9702-AB336AC0035C}.Debug|x64.ActiveCfg = Debug|Any CPU
		{DDC1F5B3-19DE-4D17-9702-AB336AC0035C}.Debug|x64.Build.0 = Debug|Any CPU
		{DDC1F5B3-19DE-4D17-9702-AB336AC0035C}.Debug|x86.ActiveCfg = Debug|Any CPU
		{DDC1F5B3-19DE-4D17-9702-AB336AC0035C}.Debug|x86.Build.0 = Debug|Any CPU
		{DDC1F5B3-19DE-4D17-9702-AB336AC0035C}.Release|Any CPU.ActiveCfg = Release|Any CPU
		{DDC1F5B3-19DE-4D17-9702-AB336AC0035C}.Release|Any CPU.Build.0 = Release|Any CPU
		{DDC1F5B3-19DE-4D17-9702-AB336AC0035C}.Release|x64.ActiveCfg = Release|Any CPU
		{DDC1F5B3-19DE-4D17-9702-AB336AC0035C}.Release|x64.Build.0 = Release|Any CPU
		{DDC1F5B3-19DE-4D17-9702-AB336AC0035C}.Release|x86.ActiveCfg = Release|Any CPU
		{DDC1F5B3-19DE-4D17-9702-AB336AC0035C}.Release|x86.Build.0 = Release|Any CPU
		{A04EBBAF-EB97-49D8-AFD3-E9F3A019E122}.Debug|Any CPU.ActiveCfg = Debug|Any CPU
		{A04EBBAF-EB97-49D8-AFD3-E9F3A019E122}.Debug|Any CPU.Build.0 = Debug|Any CPU
		{A04EBBAF-EB97-49D8-AFD3-E9F3A019E122}.Debug|x64.ActiveCfg = Debug|Any CPU
		{A04EBBAF-EB97-49D8-AFD3-E9F3A019E122}.Debug|x64.Build.0 = Debug|Any CPU
		{A04EBBAF-EB97-49D8-AFD3-E9F3A019E122}.Debug|x86.ActiveCfg = Debug|Any CPU
		{A04EBBAF-EB97-49D8-AFD3-E9F3A019E122}.Debug|x86.Build.0 = Debug|Any CPU
		{A04EBBAF-EB97-49D8-AFD3-E9F3A019E122}.Release|Any CPU.ActiveCfg = Release|Any CPU
		{A04EBBAF-EB97-49D8-AFD3-E9F3A019E122}.Release|Any CPU.Build.0 = Release|Any CPU
		{A04EBBAF-EB97-49D8-AFD3-E9F3A019E122}.Release|x64.ActiveCfg = Release|Any CPU
		{A04EBBAF-EB97-49D8-AFD3-E9F3A019E122}.Release|x64.Build.0 = Release|Any CPU
		{A04EBBAF-EB97-49D8-AFD3-E9F3A019E122}.Release|x86.ActiveCfg = Release|Any CPU
		{A04EBBAF-EB97-49D8-AFD3-E9F3A019E122}.Release|x86.Build.0 = Release|Any CPU
		{A161D469-6A99-471D-BF83-CB76B647A116}.Debug|Any CPU.ActiveCfg = Debug|Any CPU
		{A161D469-6A99-471D-BF83-CB76B647A116}.Debug|Any CPU.Build.0 = Debug|Any CPU
		{A161D469-6A99-471D-BF83-CB76B647A116}.Debug|x64.ActiveCfg = Debug|Any CPU
		{A161D469-6A99-471D-BF83-CB76B647A116}.Debug|x64.Build.0 = Debug|Any CPU
		{A161D469-6A99-471D-BF83-CB76B647A116}.Debug|x86.ActiveCfg = Debug|Any CPU
		{A161D469-6A99-471D-BF83-CB76B647A116}.Debug|x86.Build.0 = Debug|Any CPU
		{A161D469-6A99-471D-BF83-CB76B647A116}.Release|Any CPU.ActiveCfg = Release|Any CPU
		{A161D469-6A99-471D-BF83-CB76B647A116}.Release|Any CPU.Build.0 = Release|Any CPU
		{A161D469-6A99-471D-BF83-CB76B647A116}.Release|x64.ActiveCfg = Release|Any CPU
		{A161D469-6A99-471D-BF83-CB76B647A116}.Release|x64.Build.0 = Release|Any CPU
		{A161D469-6A99-471D-BF83-CB76B647A116}.Release|x86.ActiveCfg = Release|Any CPU
		{A161D469-6A99-471D-BF83-CB76B647A116}.Release|x86.Build.0 = Release|Any CPU
		{DF588001-24DE-4CE8-B099-E27FE7747F3B}.Debug|Any CPU.ActiveCfg = Debug|Any CPU
		{DF588001-24DE-4CE8-B099-E27FE7747F3B}.Debug|Any CPU.Build.0 = Debug|Any CPU
		{DF588001-24DE-4CE8-B099-E27FE7747F3B}.Debug|x64.ActiveCfg = Debug|Any CPU
		{DF588001-24DE-4CE8-B099-E27FE7747F3B}.Debug|x64.Build.0 = Debug|Any CPU
		{DF588001-24DE-4CE8-B099-E27FE7747F3B}.Debug|x86.ActiveCfg = Debug|Any CPU
		{DF588001-24DE-4CE8-B099-E27FE7747F3B}.Debug|x86.Build.0 = Debug|Any CPU
		{DF588001-24DE-4CE8-B099-E27FE7747F3B}.Release|Any CPU.ActiveCfg = Release|Any CPU
		{DF588001-24DE-4CE8-B099-E27FE7747F3B}.Release|Any CPU.Build.0 = Release|Any CPU
		{DF588001-24DE-4CE8-B099-E27FE7747F3B}.Release|x64.ActiveCfg = Release|Any CPU
		{DF588001-24DE-4CE8-B099-E27FE7747F3B}.Release|x64.Build.0 = Release|Any CPU
		{DF588001-24DE-4CE8-B099-E27FE7747F3B}.Release|x86.ActiveCfg = Release|Any CPU
		{DF588001-24DE-4CE8-B099-E27FE7747F3B}.Release|x86.Build.0 = Release|Any CPU
		{CD4DF77E-D76A-4B21-82B2-1E59791C3E96}.Debug|Any CPU.ActiveCfg = Debug|Any CPU
		{CD4DF77E-D76A-4B21-82B2-1E59791C3E96}.Debug|Any CPU.Build.0 = Debug|Any CPU
		{CD4DF77E-D76A-4B21-82B2-1E59791C3E96}.Debug|x64.ActiveCfg = Debug|Any CPU
		{CD4DF77E-D76A-4B21-82B2-1E59791C3E96}.Debug|x64.Build.0 = Debug|Any CPU
		{CD4DF77E-D76A-4B21-82B2-1E59791C3E96}.Debug|x86.ActiveCfg = Debug|Any CPU
		{CD4DF77E-D76A-4B21-82B2-1E59791C3E96}.Debug|x86.Build.0 = Debug|Any CPU
		{CD4DF77E-D76A-4B21-82B2-1E59791C3E96}.Release|Any CPU.ActiveCfg = Release|Any CPU
		{CD4DF77E-D76A-4B21-82B2-1E59791C3E96}.Release|Any CPU.Build.0 = Release|Any CPU
		{CD4DF77E-D76A-4B21-82B2-1E59791C3E96}.Release|x64.ActiveCfg = Release|Any CPU
		{CD4DF77E-D76A-4B21-82B2-1E59791C3E96}.Release|x64.Build.0 = Release|Any CPU
		{CD4DF77E-D76A-4B21-82B2-1E59791C3E96}.Release|x86.ActiveCfg = Release|Any CPU
		{CD4DF77E-D76A-4B21-82B2-1E59791C3E96}.Release|x86.Build.0 = Release|Any CPU
		{7CEC5133-D914-4B24-8D1F-67CE57AD6177}.Debug|Any CPU.ActiveCfg = Debug|Any CPU
		{7CEC5133-D914-4B24-8D1F-67CE57AD6177}.Debug|Any CPU.Build.0 = Debug|Any CPU
		{7CEC5133-D914-4B24-8D1F-67CE57AD6177}.Debug|x64.ActiveCfg = Debug|Any CPU
		{7CEC5133-D914-4B24-8D1F-67CE57AD6177}.Debug|x64.Build.0 = Debug|Any CPU
		{7CEC5133-D914-4B24-8D1F-67CE57AD6177}.Debug|x86.ActiveCfg = Debug|Any CPU
		{7CEC5133-D914-4B24-8D1F-67CE57AD6177}.Debug|x86.Build.0 = Debug|Any CPU
		{7CEC5133-D914-4B24-8D1F-67CE57AD6177}.Release|Any CPU.ActiveCfg = Release|Any CPU
		{7CEC5133-D914-4B24-8D1F-67CE57AD6177}.Release|Any CPU.Build.0 = Release|Any CPU
		{7CEC5133-D914-4B24-8D1F-67CE57AD6177}.Release|x64.ActiveCfg = Release|Any CPU
		{7CEC5133-D914-4B24-8D1F-67CE57AD6177}.Release|x64.Build.0 = Release|Any CPU
		{7CEC5133-D914-4B24-8D1F-67CE57AD6177}.Release|x86.ActiveCfg = Release|Any CPU
		{7CEC5133-D914-4B24-8D1F-67CE57AD6177}.Release|x86.Build.0 = Release|Any CPU
	EndGlobalSection
	GlobalSection(SolutionProperties) = preSolution
		HideSolutionNode = FALSE
	EndGlobalSection
	GlobalSection(NestedProjects) = preSolution
		{944ACC7E-4FFC-A2A2-09E1-98A62C66F8DB} = {5854FF58-B8C5-05C6-5BF2-ACE42193F22B}
		{60FB51EA-5DD3-47B4-9698-308F8038DB38} = {944ACC7E-4FFC-A2A2-09E1-98A62C66F8DB}
		{8AFEAAFF-F78A-4A91-B632-9EB7589314D8} = {944ACC7E-4FFC-A2A2-09E1-98A62C66F8DB}
		{DDC1F5B3-19DE-4D17-9702-AB336AC0035C} = {944ACC7E-4FFC-A2A2-09E1-98A62C66F8DB}
		{A04EBBAF-EB97-49D8-AFD3-E9F3A019E122} = {944ACC7E-4FFC-A2A2-09E1-98A62C66F8DB}
		{6C83A596-D32D-B35F-00DD-F0C99B673980} = {5854FF58-B8C5-05C6-5BF2-ACE42193F22B}
		{A161D469-6A99-471D-BF83-CB76B647A116} = {6C83A596-D32D-B35F-00DD-F0C99B673980}
		{DF588001-24DE-4CE8-B099-E27FE7747F3B} = {6C83A596-D32D-B35F-00DD-F0C99B673980}
		{CD4DF77E-D76A-4B21-82B2-1E59791C3E96} = {6C83A596-D32D-B35F-00DD-F0C99B673980}
		{7CEC5133-D914-4B24-8D1F-67CE57AD6177} = {6C83A596-D32D-B35F-00DD-F0C99B673980}
	EndGlobalSection
	GlobalSection(ExtensibilityGlobals) = postSolution
		SolutionGuid = {FDBCC822-E512-4F4D-8B73-AA526A08B5EF}
	EndGlobalSection
EndGlobal
